
Microsoft Visual Studio Solution File, Format Version 12.00
# Visual Studio 15
VisualStudioVersion = 15.0.34526.175
MinimumVisualStudioVersion = 10.0.40219.1
Project("{E24C65DC-7377-472B-9ABA-BC803B73C61A}") = "ProjetPFEService", "ProjetPFEService\ProjetPFEService\", "{57C236B1-AC06-4819-8B98-E243CF88BA9C}"
	ProjectSection(WebsiteProperties) = preProject
		TargetFrameworkMoniker = ".NETFramework,Version%3Dv4.6.1"
		Debug.AspNetCompiler.VirtualPath = "/localhost_62362"
		Debug.AspNetCompiler.PhysicalPath = "..\ProjetPFEService\ProjetPFEService\"
		Debug.AspNetCompiler.TargetPath = "PrecompiledWeb\localhost_62362\"
		Debug.AspNetCompiler.Updateable = "true"
		Debug.AspNetCompiler.ForceOverwrite = "true"
		Debug.AspNetCompiler.FixedNames = "false"
		Debug.AspNetCompiler.Debug = "True"
		Release.AspNetCompiler.VirtualPath = "/localhost_62362"
		Release.AspNetCompiler.PhysicalPath = "..\ProjetPFEService\ProjetPFEService\"
		Release.AspNetCompiler.TargetPath = "PrecompiledWeb\localhost_62362\"
		Release.AspNetCompiler.Updateable = "true"
		Release.AspNetCompiler.ForceOverwrite = "true"
		Release.AspNetCompiler.FixedNames = "false"
		Release.AspNetCompiler.Debug = "False"
		VWDPort = "62362"
	EndProjectSection
EndProject
Global
	GlobalSection(SolutionConfigurationPlatforms) = preSolution
		Debug|Any CPU = Debug|Any CPU
	EndGlobalSection
	GlobalSection(ProjectConfigurationPlatforms) = postSolution
		{57C236B1-AC06-4819-8B98-E243CF88BA9C}.Debug|Any CPU.ActiveCfg = Debug|Any CPU
		{57C236B1-AC06-4819-8B98-E243CF88BA9C}.Debug|Any CPU.Build.0 = Debug|Any CPU
	EndGlobalSection
	GlobalSection(SolutionProperties) = preSolution
		HideSolutionNode = FALSE
	EndGlobalSection
	GlobalSection(ExtensibilityGlobals) = postSolution
		SolutionGuid = {5348D51E-7F34-4359-B17E-03912910F3B0}
	EndGlobalSection
EndGlobal
